# Generated by buf. DO NOT EDIT.
version: v1
deps:
  - remote: buf.build
    owner: googleapis
    repository: googleapis
    branch: main
    commit: b66d86097dde451b8f9e39add0fa39a4
    digest: b1-ehnAUToBJhBCYMN5iY0ALF04_NkZBw0n7pXAJ_ykoF4=
    create_time: 2022-03-05T15:03:39.234468Z
  - remote: buf.build
    owner: grpc-ecosystem
    repository: grpc-gateway
    branch: main
    commit: ff83506eb9cc4cf8972f49ce87e6ed3e
    digest: b1-iLPHgLaoeWWinMiXXqPnxqE4BThtY3eSbswVGh9GOGI=
    create_time: 2021-10-23T16:26:52.283938Z
